
Microsoft Visual Studio Solution File, Format Version 12.00
# Visual Studio Version 17
VisualStudioVersion = 17.5.33424.131
MinimumVisualStudioVersion = 10.0.40219.1
Project("{FAE04EC0-301F-11D3-BF4B-00C04F79EFBC}") = "EvidencePojisteni", "EvidencePojisteni\EvidencePojisteni.csproj", "{7A1FAC84-BB7F-400E-B623-B6945D940DCA}"
EndProject
Global
	GlobalSection(SolutionConfigurationPlatforms) = preSolution
		Debug|Any CPU = Debug|Any CPU
		Release|Any CPU = Release|Any CPU
	EndGlobalSection
	GlobalSection(ProjectConfigurationPlatforms) = postSolution
		{7A1FAC84-BB7F-400E-B623-B6945D940DCA}.Debug|Any CPU.ActiveCfg = Debug|Any CPU
		{7A1FAC84-BB7F-400E-B623-B6945D940DCA}.Debug|Any CPU.Build.0 = Debug|Any CPU
		{7A1FAC84-BB7F-400E-B623-B6945D940DCA}.Release|Any CPU.ActiveCfg = Release|Any CPU
		{7A1FAC84-BB7F-400E-B623-B6945D940DCA}.Release|Any CPU.Build.0 = Release|Any CPU
	EndGlobalSection
	GlobalSection(SolutionProperties) = preSolution
		HideSolutionNode = FALSE
	EndGlobalSection
	GlobalSection(ExtensibilityGlobals) = postSolution
		SolutionGuid = {6537BCD9-BC90-46FC-B8A4-74F2D3F1132F}
	EndGlobalSection
EndGlobal
